
Microsoft Visual Studio Solution File, Format Version 12.00
# Visual Studio Version 16
VisualStudioVersion = 16.0.31112.23
MinimumVisualStudioVersion = 10.0.40219.1
Project("{FAE04EC0-301F-11D3-BF4B-00C04F79EFBC}") = "CopierComposition", "CopierComposition.csproj", "{104FF461-6D8C-4047-9377-E117D300B177}"
EndProject
Global
	GlobalSection(SolutionConfigurationPlatforms) = preSolution
		Debug|Any CPU = Debug|Any CPU
		Release|Any CPU = Release|Any CPU
	EndGlobalSection
	GlobalSection(ProjectConfigurationPlatforms) = postSolution
		{104FF461-6D8C-4047-9377-E117D300B177}.Debug|Any CPU.ActiveCfg = Debug|Any CPU
		{104FF461-6D8C-4047-9377-E117D300B177}.Debug|Any CPU.Build.0 = Debug|Any CPU
		{104FF461-6D8C-4047-9377-E117D300B177}.Release|Any CPU.ActiveCfg = Release|Any CPU
		{104FF461-6D8C-4047-9377-E117D300B177}.Release|Any CPU.Build.0 = Release|Any CPU
	EndGlobalSection
	GlobalSection(SolutionProperties) = preSolution
		HideSolutionNode = FALSE
	EndGlobalSection
	GlobalSection(ExtensibilityGlobals) = postSolution
		SolutionGuid = {533DA0FF-75D6-422E-B2AF-9093CD2DC590}
	EndGlobalSection
EndGlobal
